
Microsoft Visual Studio Solution File, Format Version 12.00
# Visual Studio 15
VisualStudioVersion = 15.0.28307.489
MinimumVisualStudioVersion = 10.0.40219.1
Project("{8BC9CEB8-8B4A-11D0-8D11-00A0C91BC942}") = "Hackerrank_d_s_queue", "Hackerrank_d_s_queue\Hackerrank_d_s_queue.vcxproj", "{57430B76-94A5-40BA-B324-A58511F26EE1}"
EndProject
Global
	GlobalSection(SolutionConfigurationPlatforms) = preSolution
		Debug|x64 = Debug|x64
		Debug|x86 = Debug|x86
		Release|x64 = Release|x64
		Release|x86 = Release|x86
	EndGlobalSection
	GlobalSection(ProjectConfigurationPlatforms) = postSolution
		{57430B76-94A5-40BA-B324-A58511F26EE1}.Debug|x64.ActiveCfg = Debug|x64
		{57430B76-94A5-40BA-B324-A58511F26EE1}.Debug|x64.Build.0 = Debug|x64
		{57430B76-94A5-40BA-B324-A58511F26EE1}.Debug|x86.ActiveCfg = Debug|Win32
		{57430B76-94A5-40BA-B324-A58511F26EE1}.Debug|x86.Build.0 = Debug|Win32
		{57430B76-94A5-40BA-B324-A58511F26EE1}.Release|x64.ActiveCfg = Release|x64
		{57430B76-94A5-40BA-B324-A58511F26EE1}.Release|x64.Build.0 = Release|x64
		{57430B76-94A5-40BA-B324-A58511F26EE1}.Release|x86.ActiveCfg = Release|Win32
		{57430B76-94A5-40BA-B324-A58511F26EE1}.Release|x86.Build.0 = Release|Win32
	EndGlobalSection
	GlobalSection(SolutionProperties) = preSolution
		HideSolutionNode = FALSE
	EndGlobalSection
	GlobalSection(ExtensibilityGlobals) = postSolution
		SolutionGuid = {8A08D713-5F90-44D0-B6A2-613D05912FEF}
	EndGlobalSection
EndGlobal
